
Microsoft Visual Studio Solution File, Format Version 12.00
# Visual Studio Version 16
VisualStudioVersion = 16.0.31613.86
MinimumVisualStudioVersion = 10.0.40219.1
Project("{9A19103F-16F7-4668-BE54-9A1E7A4F7556}") = "Zork.Console", "Zork\Zork.Console.csproj", "{6DF23962-07C5-475F-BB07-762D701DB777}"
EndProject
Project("{9A19103F-16F7-4668-BE54-9A1E7A4F7556}") = "Zork.Common", "Zork.Common\Zork.Common.csproj", "{A86EB8F0-20A2-4776-86CB-62A1D5AC743F}"
EndProject
Project("{FAE04EC0-301F-11D3-BF4B-00C04F79EFBC}") = "Zork.Builder", "Zork.Builder\Zork.Builder.csproj", "{09BF6B6F-7EF2-4631-BB6B-BE33A572B3BE}"
EndProject
Global
	GlobalSection(SolutionConfigurationPlatforms) = preSolution
		Debug|Any CPU = Debug|Any CPU
		Release|Any CPU = Release|Any CPU
	EndGlobalSection
	GlobalSection(ProjectConfigurationPlatforms) = postSolution
		{6DF23962-07C5-475F-BB07-762D701DB777}.Debug|Any CPU.ActiveCfg = Debug|Any CPU
		{6DF23962-07C5-475F-BB07-762D701DB777}.Debug|Any CPU.Build.0 = Debug|Any CPU
		{6DF23962-07C5-475F-BB07-762D701DB777}.Release|Any CPU.ActiveCfg = Release|Any CPU
		{6DF23962-07C5-475F-BB07-762D701DB777}.Release|Any CPU.Build.0 = Release|Any CPU
		{A86EB8F0-20A2-4776-86CB-62A1D5AC743F}.Debug|Any CPU.ActiveCfg = Debug|Any CPU
		{A86EB8F0-20A2-4776-86CB-62A1D5AC743F}.Debug|Any CPU.Build.0 = Debug|Any CPU
		{A86EB8F0-20A2-4776-86CB-62A1D5AC743F}.Release|Any CPU.ActiveCfg = Release|Any CPU
		{A86EB8F0-20A2-4776-86CB-62A1D5AC743F}.Release|Any CPU.Build.0 = Release|Any CPU
		{09BF6B6F-7EF2-4631-BB6B-BE33A572B3BE}.Debug|Any CPU.ActiveCfg = Debug|Any CPU
		{09BF6B6F-7EF2-4631-BB6B-BE33A572B3BE}.Debug|Any CPU.Build.0 = Debug|Any CPU
		{09BF6B6F-7EF2-4631-BB6B-BE33A572B3BE}.Release|Any CPU.ActiveCfg = Release|Any CPU
		{09BF6B6F-7EF2-4631-BB6B-BE33A572B3BE}.Release|Any CPU.Build.0 = Release|Any CPU
	EndGlobalSection
	GlobalSection(SolutionProperties) = preSolution
		HideSolutionNode = FALSE
	EndGlobalSection
	GlobalSection(ExtensibilityGlobals) = postSolution
		SolutionGuid = {C14A5327-80B9-4B5A-A9A6-77DAFA2CAE41}
	EndGlobalSection
EndGlobal
